
Microsoft Visual Studio Solution File, Format Version 12.00
# Visual Studio Version 17
VisualStudioVersion = 17.2.32630.192
MinimumVisualStudioVersion = 10.0.40219.1
Project("{9A19103F-16F7-4668-BE54-9A1E7A4F7556}") = "Lesson1", "Lesson1\Lesson1.csproj", "{E0874CCD-362E-4466-84AC-EFF333A7C03F}"
EndProject
Project("{9A19103F-16F7-4668-BE54-9A1E7A4F7556}") = "TicTacToe", "TicTacToe\TicTacToe.csproj", "{F7E84C6E-A715-48EE-B054-0303BD759A43}"
EndProject
Project("{9A19103F-16F7-4668-BE54-9A1E7A4F7556}") = "PhoneBook", "PhoneBook\PhoneBook.csproj", "{EC69FD71-0F7A-444B-A8E9-E01C69DE6E19}"
EndProject
Project("{9A19103F-16F7-4668-BE54-9A1E7A4F7556}") = "Lesson_8", "Lesson_8\Lesson_8.csproj", "{F3BB8121-4F7F-4224-9F81-CFE2DFD0664C}"
EndProject
Project("{9A19103F-16F7-4668-BE54-9A1E7A4F7556}") = "Lesson_7", "Lesson_7\Lesson_7.csproj", "{FCC9F9D2-4C39-462F-9D67-E1068C899333}"
EndProject
Project("{9A19103F-16F7-4668-BE54-9A1E7A4F7556}") = "Tama", "Lesson_9\Tama.csproj", "{BFBA7B5B-14B2-41C9-B0A9-11C04BD9FDF0}"
EndProject
Project("{9A19103F-16F7-4668-BE54-9A1E7A4F7556}") = "BitMap", "BitMap\BitMap.csproj", "{32ADAE39-2EF0-4F0C-9955-EBA87E6FB387}"
EndProject
Project("{9A19103F-16F7-4668-BE54-9A1E7A4F7556}") = "Task_1", "Task_1\Task_1.csproj", "{131EDC84-A411-425E-A039-0A299B078CE5}"
EndProject
Project("{9A19103F-16F7-4668-BE54-9A1E7A4F7556}") = "Telegram_Bot", "Telegram_Bot\Telegram_Bot.csproj", "{E96E0D3B-CA8D-4B56-ACA4-9011B6E6CFF0}"
EndProject
Project("{9A19103F-16F7-4668-BE54-9A1E7A4F7556}") = "Task_2", "Task_2\Task_2.csproj", "{796A0E0F-30CE-47B4-80C6-6E8CE8C687D3}"
EndProject
Project("{FAE04EC0-301F-11D3-BF4B-00C04F79EFBC}") = "Task_3", "Task_3\Task_3.csproj", "{C930687E-F49F-45A0-8D57-51F605AE1688}"
EndProject
Global
	GlobalSection(SolutionConfigurationPlatforms) = preSolution
		Debug|Any CPU = Debug|Any CPU
		Release|Any CPU = Release|Any CPU
	EndGlobalSection
	GlobalSection(ProjectConfigurationPlatforms) = postSolution
		{E0874CCD-362E-4466-84AC-EFF333A7C03F}.Debug|Any CPU.ActiveCfg = Debug|Any CPU
		{E0874CCD-362E-4466-84AC-EFF333A7C03F}.Debug|Any CPU.Build.0 = Debug|Any CPU
		{E0874CCD-362E-4466-84AC-EFF333A7C03F}.Release|Any CPU.ActiveCfg = Release|Any CPU
		{E0874CCD-362E-4466-84AC-EFF333A7C03F}.Release|Any CPU.Build.0 = Release|Any CPU
		{F7E84C6E-A715-48EE-B054-0303BD759A43}.Debug|Any CPU.ActiveCfg = Debug|Any CPU
		{F7E84C6E-A715-48EE-B054-0303BD759A43}.Debug|Any CPU.Build.0 = Debug|Any CPU
		{F7E84C6E-A715-48EE-B054-0303BD759A43}.Release|Any CPU.ActiveCfg = Release|Any CPU
		{F7E84C6E-A715-48EE-B054-0303BD759A43}.Release|Any CPU.Build.0 = Release|Any CPU
		{EC69FD71-0F7A-444B-A8E9-E01C69DE6E19}.Debug|Any CPU.ActiveCfg = Debug|Any CPU
		{EC69FD71-0F7A-444B-A8E9-E01C69DE6E19}.Debug|Any CPU.Build.0 = Debug|Any CPU
		{EC69FD71-0F7A-444B-A8E9-E01C69DE6E19}.Release|Any CPU.ActiveCfg = Release|Any CPU
		{EC69FD71-0F7A-444B-A8E9-E01C69DE6E19}.Release|Any CPU.Build.0 = Release|Any CPU
		{F3BB8121-4F7F-4224-9F81-CFE2DFD0664C}.Debug|Any CPU.ActiveCfg = Debug|Any CPU
		{F3BB8121-4F7F-4224-9F81-CFE2DFD0664C}.Debug|Any CPU.Build.0 = Debug|Any CPU
		{F3BB8121-4F7F-4224-9F81-CFE2DFD0664C}.Release|Any CPU.ActiveCfg = Release|Any CPU
		{F3BB8121-4F7F-4224-9F81-CFE2DFD0664C}.Release|Any CPU.Build.0 = Release|Any CPU
		{FCC9F9D2-4C39-462F-9D67-E1068C899333}.Debug|Any CPU.ActiveCfg = Debug|Any CPU
		{FCC9F9D2-4C39-462F-9D67-E1068C899333}.Debug|Any CPU.Build.0 = Debug|Any CPU
		{FCC9F9D2-4C39-462F-9D67-E1068C899333}.Release|Any CPU.ActiveCfg = Release|Any CPU
		{FCC9F9D2-4C39-462F-9D67-E1068C899333}.Release|Any CPU.Build.0 = Release|Any CPU
		{BFBA7B5B-14B2-41C9-B0A9-11C04BD9FDF0}.Debug|Any CPU.ActiveCfg = Debug|Any CPU
		{BFBA7B5B-14B2-41C9-B0A9-11C04BD9FDF0}.Debug|Any CPU.Build.0 = Debug|Any CPU
		{BFBA7B5B-14B2-41C9-B0A9-11C04BD9FDF0}.Release|Any CPU.ActiveCfg = Release|Any CPU
		{BFBA7B5B-14B2-41C9-B0A9-11C04BD9FDF0}.Release|Any CPU.Build.0 = Release|Any CPU
		{32ADAE39-2EF0-4F0C-9955-EBA87E6FB387}.Debug|Any CPU.ActiveCfg = Debug|Any CPU
		{32ADAE39-2EF0-4F0C-9955-EBA87E6FB387}.Debug|Any CPU.Build.0 = Debug|Any CPU
		{32ADAE39-2EF0-4F0C-9955-EBA87E6FB387}.Release|Any CPU.ActiveCfg = Release|Any CPU
		{32ADAE39-2EF0-4F0C-9955-EBA87E6FB387}.Release|Any CPU.Build.0 = Release|Any CPU
		{131EDC84-A411-425E-A039-0A299B078CE5}.Debug|Any CPU.ActiveCfg = Debug|Any CPU
		{131EDC84-A411-425E-A039-0A299B078CE5}.Debug|Any CPU.Build.0 = Debug|Any CPU
		{131EDC84-A411-425E-A039-0A299B078CE5}.Release|Any CPU.ActiveCfg = Release|Any CPU
		{131EDC84-A411-425E-A039-0A299B078CE5}.Release|Any CPU.Build.0 = Release|Any CPU
		{E96E0D3B-CA8D-4B56-ACA4-9011B6E6CFF0}.Debug|Any CPU.ActiveCfg = Debug|Any CPU
		{E96E0D3B-CA8D-4B56-ACA4-9011B6E6CFF0}.Debug|Any CPU.Build.0 = Debug|Any CPU
		{E96E0D3B-CA8D-4B56-ACA4-9011B6E6CFF0}.Release|Any CPU.ActiveCfg = Release|Any CPU
		{E96E0D3B-CA8D-4B56-ACA4-9011B6E6CFF0}.Release|Any CPU.Build.0 = Release|Any CPU
		{796A0E0F-30CE-47B4-80C6-6E8CE8C687D3}.Debug|Any CPU.ActiveCfg = Debug|Any CPU
		{796A0E0F-30CE-47B4-80C6-6E8CE8C687D3}.Debug|Any CPU.Build.0 = Debug|Any CPU
		{796A0E0F-30CE-47B4-80C6-6E8CE8C687D3}.Release|Any CPU.ActiveCfg = Release|Any CPU
		{796A0E0F-30CE-47B4-80C6-6E8CE8C687D3}.Release|Any CPU.Build.0 = Release|Any CPU
		{C930687E-F49F-45A0-8D57-51F605AE1688}.Debug|Any CPU.ActiveCfg = Debug|Any CPU
		{C930687E-F49F-45A0-8D57-51F605AE1688}.Debug|Any CPU.Build.0 = Debug|Any CPU
		{C930687E-F49F-45A0-8D57-51F605AE1688}.Release|Any CPU.ActiveCfg = Release|Any CPU
		{C930687E-F49F-45A0-8D57-51F605AE1688}.Release|Any CPU.Build.0 = Release|Any CPU
	EndGlobalSection
	GlobalSection(SolutionProperties) = preSolution
		HideSolutionNode = FALSE
	EndGlobalSection
	GlobalSection(ExtensibilityGlobals) = postSolution
		SolutionGuid = {62D6A2FB-1CF3-4431-BCAB-8F36BC7C37EA}
	EndGlobalSection
EndGlobal
